
Microsoft Visual Studio Solution File, Format Version 12.00
# Visual Studio Version 16
VisualStudioVersion = 16.0.30503.244
MinimumVisualStudioVersion = 10.0.40219.1
Project("{FAE04EC0-301F-11D3-BF4B-00C04F79EFBC}") = "CourseProject", "CourseProject.csproj", "{EC4BEFF1-6597-46FD-8663-F7F37D12181E}"
EndProject
Global
	GlobalSection(SolutionConfigurationPlatforms) = preSolution
		Debug|Any CPU = Debug|Any CPU
		Release|Any CPU = Release|Any CPU
	EndGlobalSection
	GlobalSection(ProjectConfigurationPlatforms) = postSolution
		{EC4BEFF1-6597-46FD-8663-F7F37D12181E}.Debug|Any CPU.ActiveCfg = Debug|Any CPU
		{EC4BEFF1-6597-46FD-8663-F7F37D12181E}.Debug|Any CPU.Build.0 = Debug|Any CPU
		{EC4BEFF1-6597-46FD-8663-F7F37D12181E}.Release|Any CPU.ActiveCfg = Release|Any CPU
		{EC4BEFF1-6597-46FD-8663-F7F37D12181E}.Release|Any CPU.Build.0 = Release|Any CPU
	EndGlobalSection
	GlobalSection(SolutionProperties) = preSolution
		HideSolutionNode = FALSE
	EndGlobalSection
	GlobalSection(ExtensibilityGlobals) = postSolution
		SolutionGuid = {786346B7-1C04-40FC-8720-5860C45DF506}
	EndGlobalSection
EndGlobal
